
Microsoft Visual Studio Solution File, Format Version 12.00
# Visual Studio 15
VisualStudioVersion = 15.0.27428.2037
MinimumVisualStudioVersion = 10.0.40219.1
Project("{8BC9CEB8-8B4A-11D0-8D11-00A0C91BC942}") = "AiSD_kursovaya_3sem", "AiSD_kursovaya_3sem\AiSD_kursovaya_3sem.vcxproj", "{192B4B45-1AAC-4C50-B58B-1637A80533BA}"
EndProject
Global
	GlobalSection(SolutionConfigurationPlatforms) = preSolution
		Debug|x64 = Debug|x64
		Debug|x86 = Debug|x86
		Release|x64 = Release|x64
		Release|x86 = Release|x86
	EndGlobalSection
	GlobalSection(ProjectConfigurationPlatforms) = postSolution
		{192B4B45-1AAC-4C50-B58B-1637A80533BA}.Debug|x64.ActiveCfg = Debug|x64
		{192B4B45-1AAC-4C50-B58B-1637A80533BA}.Debug|x64.Build.0 = Debug|x64
		{192B4B45-1AAC-4C50-B58B-1637A80533BA}.Debug|x86.ActiveCfg = Debug|Win32
		{192B4B45-1AAC-4C50-B58B-1637A80533BA}.Debug|x86.Build.0 = Debug|Win32
		{192B4B45-1AAC-4C50-B58B-1637A80533BA}.Release|x64.ActiveCfg = Release|x64
		{192B4B45-1AAC-4C50-B58B-1637A80533BA}.Release|x64.Build.0 = Release|x64
		{192B4B45-1AAC-4C50-B58B-1637A80533BA}.Release|x86.ActiveCfg = Release|Win32
		{192B4B45-1AAC-4C50-B58B-1637A80533BA}.Release|x86.Build.0 = Release|Win32
	EndGlobalSection
	GlobalSection(SolutionProperties) = preSolution
		HideSolutionNode = FALSE
	EndGlobalSection
	GlobalSection(ExtensibilityGlobals) = postSolution
		SolutionGuid = {2BB8BCB2-C911-48A9-8FE9-E75761A3184F}
	EndGlobalSection
EndGlobal
